
Microsoft Visual Studio Solution File, Format Version 12.00
# Visual Studio 2013
VisualStudioVersion = 12.0.21005.1
MinimumVisualStudioVersion = 10.0.40219.1
Project("{8D9C8A9D-5DED-4B64-BF65-B598BA549D93}") = "ContactsSignalR", "ContactsSignalR\ContactsSignalR.lsxproj", "{C6A6DFC2-39CC-4B83-AF2E-A0DA5B26E354}"
EndProject
Project("{FAE04EC0-301F-11D3-BF4B-00C04F79EFBC}") = "ContactsSignalR.Server", "ContactsSignalR\ContactsSignalR.Server\ContactsSignalR.Server.csproj", "{9EC274D7-9574-4F11-8F2B-2D5A3ACC7E6C}"
EndProject
Project("{262852C6-CD72-467D-83FE-5EEB1973A190}") = "ContactsSignalR.HTMLClient", "ContactsSignalR\ContactsSignalR.HTMLClient\ContactsSignalR.HTMLClient.jsproj", "{0D8FE75C-FE1D-4658-8D5C-5C2614A86EEC}"
EndProject
Global
	GlobalSection(SolutionConfigurationPlatforms) = preSolution
		Debug|Any CPU = Debug|Any CPU
		Release|Any CPU = Release|Any CPU
	EndGlobalSection
	GlobalSection(ProjectConfigurationPlatforms) = postSolution
		{C6A6DFC2-39CC-4B83-AF2E-A0DA5B26E354}.Debug|Any CPU.ActiveCfg = Debug|Any CPU
		{C6A6DFC2-39CC-4B83-AF2E-A0DA5B26E354}.Debug|Any CPU.Build.0 = Debug|Any CPU
		{C6A6DFC2-39CC-4B83-AF2E-A0DA5B26E354}.Release|Any CPU.ActiveCfg = Release|Any CPU
		{C6A6DFC2-39CC-4B83-AF2E-A0DA5B26E354}.Release|Any CPU.Build.0 = Release|Any CPU
		{9EC274D7-9574-4F11-8F2B-2D5A3ACC7E6C}.Debug|Any CPU.ActiveCfg = Debug|Any CPU
		{9EC274D7-9574-4F11-8F2B-2D5A3ACC7E6C}.Debug|Any CPU.Build.0 = Debug|Any CPU
		{9EC274D7-9574-4F11-8F2B-2D5A3ACC7E6C}.Release|Any CPU.ActiveCfg = Release|Any CPU
		{9EC274D7-9574-4F11-8F2B-2D5A3ACC7E6C}.Release|Any CPU.Build.0 = Release|Any CPU
		{0D8FE75C-FE1D-4658-8D5C-5C2614A86EEC}.Debug|Any CPU.ActiveCfg = Debug|Any CPU
		{0D8FE75C-FE1D-4658-8D5C-5C2614A86EEC}.Debug|Any CPU.Build.0 = Debug|Any CPU
		{0D8FE75C-FE1D-4658-8D5C-5C2614A86EEC}.Release|Any CPU.ActiveCfg = Release|Any CPU
		{0D8FE75C-FE1D-4658-8D5C-5C2614A86EEC}.Release|Any CPU.Build.0 = Release|Any CPU
	EndGlobalSection
	GlobalSection(SolutionProperties) = preSolution
		HideSolutionNode = FALSE
	EndGlobalSection
EndGlobal
